{
  "version": 4,
  "terraform_version": "1.8.4",
  "serial": 19,
  "lineage": "92be1dad-2fc7-dff8-a1c7-001614ba520a",
  "outputs": {
    "artifact_registry_url": {
      "value": "us-central1-docker.pkg.dev/project-d2917da9-e732-4731-944/security-events-repo",
      "type": "string"
    },
    "cloud_run_url": {
      "value": "https://secure-event-collector-api-qi3mmal4oa-uc.a.run.app",
      "type": "string"
    },
    "github_actions_service_account": {
      "value": "github-actions-deployer@project-d2917da9-e732-4731-944.iam.gserviceaccount.com",
      "type": "string"
    },
    "workload_identity_provider": {
      "value": "projects/1074362889067/locations/global/workloadIdentityPools/github-actions-pool/providers/github-actions-provider",
      "type": "string"
    }
  },
  "resources": [
    {
      "mode": "managed",
      "type": "google_artifact_registry_repository",
      "name": "security_events_repo",
      "provider": "provider[\"registry.terraform.io/hashicorp/google\"]",
      "instances": [
        {
          "schema_version": 0,
          "attributes": {
            "cleanup_policies": [],
            "cleanup_policy_dry_run": false,
            "create_time": "2026-06-25T14:42:38.307096Z",
            "description": "Docker repository for Security Event API container images",
            "docker_config": [],
            "effective_labels": {},
            "format": "DOCKER",
            "id": "projects/project-d2917da9-e732-4731-944/locations/us-central1/repositories/security-events-repo",
            "kms_key_name": "",
            "labels": {},
            "location": "us-central1",
            "maven_config": [],
            "mode": "STANDARD_REPOSITORY",
            "name": "security-events-repo",
            "project": "project-d2917da9-e732-4731-944",
            "remote_repository_config": [],
            "repository_id": "security-events-repo",
            "terraform_labels": {},
            "timeouts": null,
            "update_time": "2026-06-25T14:51:14.279191Z",
            "virtual_repository_config": []
          },
          "sensitive_attributes": [],
          "private": "eyJlMmJmYjczMC1lY2FhLTExZTYtOGY4OC0zNDM2M2JjN2M0YzAiOnsiY3JlYXRlIjoxMjAwMDAwMDAwMDAwLCJkZWxldGUiOjEyMDAwMDAwMDAwMDAsInVwZGF0ZSI6MTIwMDAwMDAwMDAwMH19",
          "dependencies": [
            "google_project_service.enabled_services"
          ]
        }
      ]
    },
    {
      "mode": "managed",
      "type": "google_artifact_registry_repository_iam_member",
      "name": "registry_writer",
      "provider": "provider[\"registry.terraform.io/hashicorp/google\"]",
      "instances": [
        {
          "schema_version": 0,
          "attributes": {
            "condition": [],
            "etag": "BwZVHBlTPbU=",
            "id": "projects/project-d2917da9-e732-4731-944/locations/us-central1/repositories/security-events-repo/roles/artifactregistry.writer/serviceAccount:github-actions-deployer@project-d2917da9-e732-4731-944.iam.gserviceaccount.com",
            "location": "us-central1",
            "member": "serviceAccount:github-actions-deployer@project-d2917da9-e732-4731-944.iam.gserviceaccount.com",
            "project": "project-d2917da9-e732-4731-944",
            "repository": "projects/project-d2917da9-e732-4731-944/locations/us-central1/repositories/security-events-repo",
            "role": "roles/artifactregistry.writer"
          },
          "sensitive_attributes": [],
          "private": "bnVsbA==",
          "dependencies": [
            "google_artifact_registry_repository.security_events_repo",
            "google_project_service.enabled_services",
            "google_service_account.github_actions_sa"
          ]
        }
      ]
    },
    {
      "mode": "managed",
      "type": "google_cloud_run_v2_service",
      "name": "secure_event_collector_api",
      "provider": "provider[\"registry.terraform.io/hashicorp/google\"]",
      "instances": [
        {
          "schema_version": 0,
          "attributes": {
            "annotations": {},
            "binary_authorization": [],
            "client": "",
            "client_version": "",
            "conditions": [
              {
                "execution_reason": "",
                "last_transition_time": "2026-06-25T15:01:32.965470Z",
                "message": "",
                "reason": "",
                "revision_reason": "",
                "severity": "",
                "state": "CONDITION_SUCCEEDED",
                "type": "RoutesReady"
              },
              {
                "execution_reason": "",
                "last_transition_time": "2026-06-25T15:01:21.620045Z",
                "message": "",
                "reason": "",
                "revision_reason": "",
                "severity": "",
                "state": "CONDITION_SUCCEEDED",
                "type": "ConfigurationsReady"
              }
            ],
            "create_time": "2026-06-25T14:42:43.219054Z",
            "creator": "saud.gt3rs@gmail.com",
            "custom_audiences": [],
            "delete_time": "",
            "description": "",
            "effective_annotations": {},
            "effective_labels": {},
            "etag": "\"CLyF9dEGELiw-pED/cHJvamVjdHMvcHJvamVjdC1kMjkxN2RhOS1lNzMyLTQ3MzEtOTQ0L2xvY2F0aW9ucy91cy1jZW50cmFsMS9zZXJ2aWNlcy9zZWN1cmUtZXZlbnQtY29sbGVjdG9yLWFwaQ\"",
            "expire_time": "",
            "generation": "2",
            "id": "projects/project-d2917da9-e732-4731-944/locations/us-central1/services/secure-event-collector-api",
            "ingress": "INGRESS_TRAFFIC_ALL",
            "labels": {},
            "last_modifier": "saud.gt3rs@gmail.com",
            "latest_created_revision": "projects/project-d2917da9-e732-4731-944/locations/us-central1/services/secure-event-collector-api/revisions/secure-event-collector-api-00002-bnr",
            "latest_ready_revision": "projects/project-d2917da9-e732-4731-944/locations/us-central1/services/secure-event-collector-api/revisions/secure-event-collector-api-00002-bnr",
            "launch_stage": "GA",
            "location": "us-central1",
            "name": "secure-event-collector-api",
            "observed_generation": "2",
            "project": "project-d2917da9-e732-4731-944",
            "reconciling": false,
            "template": [
              {
                "annotations": {},
                "containers": [
                  {
                    "args": [],
                    "command": [],
                    "depends_on": [],
                    "env": [],
                    "image": "us-central1-docker.pkg.dev/project-d2917da9-e732-4731-944/security-events-repo/secure-api:v1",
                    "liveness_probe": [],
                    "name": "",
                    "ports": [
                      {
                        "container_port": 8080,
                        "name": "http1"
                      }
                    ],
                    "resources": [
                      {
                        "cpu_idle": true,
                        "limits": {
                          "cpu": "1000m",
                          "memory": "512Mi"
                        },
                        "startup_cpu_boost": false
                      }
                    ],
                    "startup_probe": [
                      {
                        "failure_threshold": 1,
                        "grpc": [],
                        "http_get": [],
                        "initial_delay_seconds": 0,
                        "period_seconds": 240,
                        "tcp_socket": [
                          {
                            "port": 8080
                          }
                        ],
                        "timeout_seconds": 240
                      }
                    ],
                    "volume_mounts": [],
                    "working_dir": ""
                  }
                ],
                "encryption_key": "",
                "execution_environment": "",
                "labels": {},
                "max_instance_request_concurrency": 80,
                "revision": "",
                "scaling": [
                  {
                    "max_instance_count": 2,
                    "min_instance_count": 0
                  }
                ],
                "service_account": "secure-event-api-runner@project-d2917da9-e732-4731-944.iam.gserviceaccount.com",
                "session_affinity": false,
                "timeout": "300s",
                "volumes": [],
                "vpc_access": []
              }
            ],
            "terminal_condition": [
              {
                "execution_reason": "",
                "last_transition_time": "2026-06-25T15:01:33.074853Z",
                "message": "",
                "reason": "",
                "revision_reason": "",
                "severity": "",
                "state": "CONDITION_SUCCEEDED",
                "type": "Ready"
              }
            ],
            "terraform_labels": {},
            "timeouts": null,
            "traffic": [
              {
                "percent": 100,
                "revision": "",
                "tag": "",
                "type": "TRAFFIC_TARGET_ALLOCATION_TYPE_LATEST"
              }
            ],
            "traffic_statuses": [
              {
                "percent": 100,
                "revision": "",
                "tag": "",
                "type": "TRAFFIC_TARGET_ALLOCATION_TYPE_LATEST",
                "uri": ""
              }
            ],
            "uid": "1d1da183-d262-4f49-902a-159a70756324",
            "update_time": "2026-06-25T15:01:16.842963Z",
            "uri": "https://secure-event-collector-api-qi3mmal4oa-uc.a.run.app"
          },
          "sensitive_attributes": [],
          "private": "eyJlMmJmYjczMC1lY2FhLTExZTYtOGY4OC0zNDM2M2JjN2M0YzAiOnsiY3JlYXRlIjoxMjAwMDAwMDAwMDAwLCJkZWxldGUiOjEyMDAwMDAwMDAwMDAsInVwZGF0ZSI6MTIwMDAwMDAwMDAwMH19",
          "dependencies": [
            "google_project_service.enabled_services",
            "google_service_account.cloud_run_sa"
          ]
        }
      ]
    },
    {
      "mode": "managed",
      "type": "google_cloud_run_v2_service_iam_member",
      "name": "noauth",
      "provider": "provider[\"registry.terraform.io/hashicorp/google\"]",
      "instances": [
        {
          "schema_version": 0,
          "attributes": {
            "condition": [],
            "etag": "BwZVHBle9iU=",
            "id": "projects/project-d2917da9-e732-4731-944/locations/us-central1/services/secure-event-collector-api/roles/run.invoker/allUsers",
            "location": "us-central1",
            "member": "allUsers",
            "name": "projects/project-d2917da9-e732-4731-944/locations/us-central1/services/secure-event-collector-api",
            "project": "project-d2917da9-e732-4731-944",
            "role": "roles/run.invoker"
          },
          "sensitive_attributes": [],
          "private": "bnVsbA==",
          "dependencies": [
            "google_cloud_run_v2_service.secure_event_collector_api",
            "google_project_service.enabled_services",
            "google_service_account.cloud_run_sa"
          ]
        }
      ]
    },
    {
      "mode": "managed",
      "type": "google_cloud_run_v2_service_iam_member",
      "name": "run_developer",
      "provider": "provider[\"registry.terraform.io/hashicorp/google\"]",
      "instances": [
        {
          "schema_version": 0,
          "attributes": {
            "condition": [],
            "etag": "BwZVHBle9iU=",
            "id": "projects/project-d2917da9-e732-4731-944/locations/us-central1/services/secure-event-collector-api/roles/run.developer/serviceAccount:github-actions-deployer@project-d2917da9-e732-4731-944.iam.gserviceaccount.com",
            "location": "us-central1",
            "member": "serviceAccount:github-actions-deployer@project-d2917da9-e732-4731-944.iam.gserviceaccount.com",
            "name": "projects/project-d2917da9-e732-4731-944/locations/us-central1/services/secure-event-collector-api",
            "project": "project-d2917da9-e732-4731-944",
            "role": "roles/run.developer"
          },
          "sensitive_attributes": [],
          "private": "bnVsbA==",
          "dependencies": [
            "google_cloud_run_v2_service.secure_event_collector_api",
            "google_project_service.enabled_services",
            "google_service_account.cloud_run_sa",
            "google_service_account.github_actions_sa"
          ]
        }
      ]
    },
    {
      "mode": "managed",
      "type": "google_iam_workload_identity_pool",
      "name": "github_pool",
      "provider": "provider[\"registry.terraform.io/hashicorp/google\"]",
      "instances": [
        {
          "schema_version": 0,
          "attributes": {
            "description": "Workload Identity Pool for GitHub Actions",
            "disabled": false,
            "display_name": "GitHub Actions Pool",
            "id": "projects/project-d2917da9-e732-4731-944/locations/global/workloadIdentityPools/github-actions-pool",
            "name": "projects/1074362889067/locations/global/workloadIdentityPools/github-actions-pool",
            "project": "project-d2917da9-e732-4731-944",
            "state": "ACTIVE",
            "timeouts": null,
            "workload_identity_pool_id": "github-actions-pool"
          },
          "sensitive_attributes": [],
          "private": "eyJlMmJmYjczMC1lY2FhLTExZTYtOGY4OC0zNDM2M2JjN2M0YzAiOnsiY3JlYXRlIjoxMjAwMDAwMDAwMDAwLCJkZWxldGUiOjEyMDAwMDAwMDAwMDAsInVwZGF0ZSI6MTIwMDAwMDAwMDAwMH19"
        }
      ]
    },
    {
      "mode": "managed",
      "type": "google_iam_workload_identity_pool_provider",
      "name": "github_provider",
      "provider": "provider[\"registry.terraform.io/hashicorp/google\"]",
      "instances": [
        {
          "schema_version": 0,
          "attributes": {
            "attribute_condition": "assertion.repository == 'ssit2/secure-event-api'",
            "attribute_mapping": {
              "attribute.actor": "assertion.actor",
              "attribute.repository": "assertion.repository",
              "google.subject": "assertion.sub"
            },
            "aws": [],
            "description": "",
            "disabled": false,
            "display_name": "GitHub Actions Provider",
            "id": "projects/project-d2917da9-e732-4731-944/locations/global/workloadIdentityPools/github-actions-pool/providers/github-actions-provider",
            "name": "projects/1074362889067/locations/global/workloadIdentityPools/github-actions-pool/providers/github-actions-provider",
            "oidc": [
              {
                "allowed_audiences": [],
                "issuer_uri": "https://token.actions.githubusercontent.com",
                "jwks_json": ""
              }
            ],
            "project": "project-d2917da9-e732-4731-944",
            "saml": [],
            "state": "ACTIVE",
            "timeouts": null,
            "workload_identity_pool_id": "github-actions-pool",
            "workload_identity_pool_provider_id": "github-actions-provider"
          },
          "sensitive_attributes": [],
          "private": "eyJlMmJmYjczMC1lY2FhLTExZTYtOGY4OC0zNDM2M2JjN2M0YzAiOnsiY3JlYXRlIjoxMjAwMDAwMDAwMDAwLCJkZWxldGUiOjEyMDAwMDAwMDAwMDAsInVwZGF0ZSI6MTIwMDAwMDAwMDAwMH19",
          "dependencies": [
            "google_iam_workload_identity_pool.github_pool"
          ]
        }
      ]
    },
    {
      "mode": "managed",
      "type": "google_project_service",
      "name": "enabled_services",
      "provider": "provider[\"registry.terraform.io/hashicorp/google\"]",
      "instances": [
        {
          "index_key": "artifactregistry.googleapis.com",
          "schema_version": 0,
          "attributes": {
            "disable_dependent_services": null,
            "disable_on_destroy": false,
            "id": "project-d2917da9-e732-4731-944/artifactregistry.googleapis.com",
            "project": "project-d2917da9-e732-4731-944",
            "service": "artifactregistry.googleapis.com",
            "timeouts": null
          },
          "sensitive_attributes": [],
          "private": "eyJlMmJmYjczMC1lY2FhLTExZTYtOGY4OC0zNDM2M2JjN2M0YzAiOnsiY3JlYXRlIjoxMjAwMDAwMDAwMDAwLCJkZWxldGUiOjEyMDAwMDAwMDAwMDAsInJlYWQiOjYwMDAwMDAwMDAwMCwidXBkYXRlIjoxMjAwMDAwMDAwMDAwfX0="
        },
        {
          "index_key": "iam.googleapis.com",
          "schema_version": 0,
          "attributes": {
            "disable_dependent_services": null,
            "disable_on_destroy": false,
            "id": "project-d2917da9-e732-4731-944/iam.googleapis.com",
            "project": "project-d2917da9-e732-4731-944",
            "service": "iam.googleapis.com",
            "timeouts": null
          },
          "sensitive_attributes": [],
          "private": "eyJlMmJmYjczMC1lY2FhLTExZTYtOGY4OC0zNDM2M2JjN2M0YzAiOnsiY3JlYXRlIjoxMjAwMDAwMDAwMDAwLCJkZWxldGUiOjEyMDAwMDAwMDAwMDAsInJlYWQiOjYwMDAwMDAwMDAwMCwidXBkYXRlIjoxMjAwMDAwMDAwMDAwfX0="
        },
        {
          "index_key": "run.googleapis.com",
          "schema_version": 0,
          "attributes": {
            "disable_dependent_services": null,
            "disable_on_destroy": false,
            "id": "project-d2917da9-e732-4731-944/run.googleapis.com",
            "project": "project-d2917da9-e732-4731-944",
            "service": "run.googleapis.com",
            "timeouts": null
          },
          "sensitive_attributes": [],
          "private": "eyJlMmJmYjczMC1lY2FhLTExZTYtOGY4OC0zNDM2M2JjN2M0YzAiOnsiY3JlYXRlIjoxMjAwMDAwMDAwMDAwLCJkZWxldGUiOjEyMDAwMDAwMDAwMDAsInJlYWQiOjYwMDAwMDAwMDAwMCwidXBkYXRlIjoxMjAwMDAwMDAwMDAwfX0="
        }
      ]
    },
    {
      "mode": "managed",
      "type": "google_service_account",
      "name": "cloud_run_sa",
      "provider": "provider[\"registry.terraform.io/hashicorp/google\"]",
      "instances": [
        {
          "schema_version": 0,
          "attributes": {
            "account_id": "secure-event-api-runner",
            "create_ignore_already_exists": null,
            "description": "",
            "disabled": false,
            "display_name": "Cloud Run runtime Service Account for Secure Event Collector API",
            "email": "secure-event-api-runner@project-d2917da9-e732-4731-944.iam.gserviceaccount.com",
            "id": "projects/project-d2917da9-e732-4731-944/serviceAccounts/secure-event-api-runner@project-d2917da9-e732-4731-944.iam.gserviceaccount.com",
            "member": "serviceAccount:secure-event-api-runner@project-d2917da9-e732-4731-944.iam.gserviceaccount.com",
            "name": "projects/project-d2917da9-e732-4731-944/serviceAccounts/secure-event-api-runner@project-d2917da9-e732-4731-944.iam.gserviceaccount.com",
            "project": "project-d2917da9-e732-4731-944",
            "timeouts": null,
            "unique_id": "102312168055030676745"
          },
          "sensitive_attributes": [],
          "private": "eyJlMmJmYjczMC1lY2FhLTExZTYtOGY4OC0zNDM2M2JjN2M0YzAiOnsiY3JlYXRlIjozMDAwMDAwMDAwMDB9fQ==",
          "dependencies": [
            "google_project_service.enabled_services"
          ]
        }
      ]
    },
    {
      "mode": "managed",
      "type": "google_service_account",
      "name": "github_actions_sa",
      "provider": "provider[\"registry.terraform.io/hashicorp/google\"]",
      "instances": [
        {
          "schema_version": 0,
          "attributes": {
            "account_id": "github-actions-deployer",
            "create_ignore_already_exists": null,
            "description": "",
            "disabled": false,
            "display_name": "Service Account for GitHub Actions CI/CD",
            "email": "github-actions-deployer@project-d2917da9-e732-4731-944.iam.gserviceaccount.com",
            "id": "projects/project-d2917da9-e732-4731-944/serviceAccounts/github-actions-deployer@project-d2917da9-e732-4731-944.iam.gserviceaccount.com",
            "member": "serviceAccount:github-actions-deployer@project-d2917da9-e732-4731-944.iam.gserviceaccount.com",
            "name": "projects/project-d2917da9-e732-4731-944/serviceAccounts/github-actions-deployer@project-d2917da9-e732-4731-944.iam.gserviceaccount.com",
            "project": "project-d2917da9-e732-4731-944",
            "timeouts": null,
            "unique_id": "100650530956250927074"
          },
          "sensitive_attributes": [],
          "private": "eyJlMmJmYjczMC1lY2FhLTExZTYtOGY4OC0zNDM2M2JjN2M0YzAiOnsiY3JlYXRlIjozMDAwMDAwMDAwMDB9fQ=="
        }
      ]
    },
    {
      "mode": "managed",
      "type": "google_service_account_iam_member",
      "name": "github_actions_wif_binding",
      "provider": "provider[\"registry.terraform.io/hashicorp/google\"]",
      "instances": [
        {
          "schema_version": 0,
          "attributes": {
            "condition": [],
            "etag": "BwZVHBlQ14Q=",
            "id": "projects/project-d2917da9-e732-4731-944/serviceAccounts/github-actions-deployer@project-d2917da9-e732-4731-944.iam.gserviceaccount.com/roles/iam.workloadIdentityUser/principalSet://iam.googleapis.com/projects/1074362889067/locations/global/workloadIdentityPools/github-actions-pool/attribute.repository/ssit2/secure-event-api",
            "member": "principalSet://iam.googleapis.com/projects/1074362889067/locations/global/workloadIdentityPools/github-actions-pool/attribute.repository/ssit2/secure-event-api",
            "role": "roles/iam.workloadIdentityUser",
            "service_account_id": "projects/project-d2917da9-e732-4731-944/serviceAccounts/github-actions-deployer@project-d2917da9-e732-4731-944.iam.gserviceaccount.com"
          },
          "sensitive_attributes": [],
          "private": "bnVsbA==",
          "dependencies": [
            "google_iam_workload_identity_pool.github_pool",
            "google_service_account.github_actions_sa"
          ]
        }
      ]
    },
    {
      "mode": "managed",
      "type": "google_service_account_iam_member",
      "name": "runtime_sa_user",
      "provider": "provider[\"registry.terraform.io/hashicorp/google\"]",
      "instances": [
        {
          "schema_version": 0,
          "attributes": {
            "condition": [],
            "etag": "BwZVHBlH8HA=",
            "id": "projects/project-d2917da9-e732-4731-944/serviceAccounts/secure-event-api-runner@project-d2917da9-e732-4731-944.iam.gserviceaccount.com/roles/iam.serviceAccountUser/serviceAccount:github-actions-deployer@project-d2917da9-e732-4731-944.iam.gserviceaccount.com",
            "member": "serviceAccount:github-actions-deployer@project-d2917da9-e732-4731-944.iam.gserviceaccount.com",
            "role": "roles/iam.serviceAccountUser",
            "service_account_id": "projects/project-d2917da9-e732-4731-944/serviceAccounts/secure-event-api-runner@project-d2917da9-e732-4731-944.iam.gserviceaccount.com"
          },
          "sensitive_attributes": [],
          "private": "bnVsbA==",
          "dependencies": [
            "google_project_service.enabled_services",
            "google_service_account.cloud_run_sa",
            "google_service_account.github_actions_sa"
          ]
        }
      ]
    }
  ],
  "check_results": null
}
